
Microsoft Visual Studio Solution File, Format Version 12.00
# Visual Studio 15
VisualStudioVersion = 15.0.28307.421
MinimumVisualStudioVersion = 10.0.40219.1
Project("{FAE04EC0-301F-11D3-BF4B-00C04F79EFBC}") = "LiveOptics.DataDomainAutomation", "ConsoleApp1\LiveOptics.DataDomainAutomation.csproj", "{94E00002-3995-4909-93AA-D8F0BDFF021C}"
EndProject
Project("{FAE04EC0-301F-11D3-BF4B-00C04F79EFBC}") = "Live.Optics.DataDomainAutomation.Tests", "Live.Optics.DataDomainAutomation\Live.Optics.DataDomainAutomation.Tests.csproj", "{CBE316DA-DDA3-4385-B780-29407765C005}"
EndProject
Global
	GlobalSection(SolutionConfigurationPlatforms) = preSolution
		Debug|Any CPU = Debug|Any CPU
		Release|Any CPU = Release|Any CPU
	EndGlobalSection
	GlobalSection(ProjectConfigurationPlatforms) = postSolution
		{94E00002-3995-4909-93AA-D8F0BDFF021C}.Debug|Any CPU.ActiveCfg = Debug|Any CPU
		{94E00002-3995-4909-93AA-D8F0BDFF021C}.Debug|Any CPU.Build.0 = Debug|Any CPU
		{94E00002-3995-4909-93AA-D8F0BDFF021C}.Release|Any CPU.ActiveCfg = Release|Any CPU
		{94E00002-3995-4909-93AA-D8F0BDFF021C}.Release|Any CPU.Build.0 = Release|Any CPU
		{CBE316DA-DDA3-4385-B780-29407765C005}.Debug|Any CPU.ActiveCfg = Debug|Any CPU
		{CBE316DA-DDA3-4385-B780-29407765C005}.Debug|Any CPU.Build.0 = Debug|Any CPU
		{CBE316DA-DDA3-4385-B780-29407765C005}.Release|Any CPU.ActiveCfg = Release|Any CPU
		{CBE316DA-DDA3-4385-B780-29407765C005}.Release|Any CPU.Build.0 = Release|Any CPU
	EndGlobalSection
	GlobalSection(SolutionProperties) = preSolution
		HideSolutionNode = FALSE
	EndGlobalSection
	GlobalSection(ExtensibilityGlobals) = postSolution
		SolutionGuid = {25B380EC-C9DA-41FB-8926-D19E17D84D57}
	EndGlobalSection
EndGlobal
